<?xml version="1.0" encoding="utf-8"?>
<Project ToolsVersion="4.0" xmlns="http://schemas.microsoft.com/developer/msbuild/2003">
  <ItemGroup>
    <Filter Include="Source Files">
      <UniqueIdentifier>{4FC737F1-C7A5-4376-A066-2A32D752A2FF}</UniqueIdentifier>
      <Extensions>cpp;cxx;c;def</Extensions>
    </Filter>
    <Filter Include="Header Files">
      <UniqueIdentifier>{93995380-89BD-4b04-88EB-625FBE52EBFB}</UniqueIdentifier>
      <Extensions>h</Extensions>
    </Filter>
    <Filter Include="Form Files">
      <UniqueIdentifier>{99349809-55BA-4b9d-BF79-8FDBB0286EB3}</UniqueIdentifier>
      <Extensions>ui</Extensions>
    </Filter>
    <Filter Include="Resource Files">
      <UniqueIdentifier>{D9D6E242-F8AF-46E4-B9FD-80ECBC20BA3E}</UniqueIdentifier>
      <Extensions>qrc;*</Extensions>
      <ParseFiles>false</ParseFiles>
    </Filter>
    <Filter Include="Generated Files">
      <UniqueIdentifier>{71ED8ED8-ACB9-4CE9-BBE1-E00B30144E11}</UniqueIdentifier>
      <Extensions>moc;h;cpp</Extensions>
      <SourceControlFiles>False</SourceControlFiles>
    </Filter>
    <Filter Include="Generated Files\Debug">
      <UniqueIdentifier>{b83520b8-ff3a-493b-a832-7fdd1ac71464}</UniqueIdentifier>
      <Extensions>cpp;moc</Extensions>
      <SourceControlFiles>False</SourceControlFiles>
    </Filter>
    <Filter Include="Generated Files\Release">
      <UniqueIdentifier>{1c30b639-8562-4532-9eba-5df5f6536158}</UniqueIdentifier>
      <Extensions>cpp;moc</Extensions>
      <SourceControlFiles>False</SourceControlFiles>
    </Filter>
  </ItemGroup>
  <ItemGroup>
    <ClCompile Include="main.cpp">
      <Filter>Source Files</Filter>
    </ClCompile>
    <ClCompile Include="GeneratedFiles\qrc_earthglobal.cpp">
      <Filter>Generated Files</Filter>
    </ClCompile>
    <ClCompile Include="RibbonWindow.cpp">
      <Filter>Source Files</Filter>
    </ClCompile>
    <ClCompile Include="GeneratedFiles\Debug\moc_RibbonWindow.cpp">
      <Filter>Generated Files\Debug</Filter>
    </ClCompile>
    <ClCompile Include="GeneratedFiles\Release\moc_RibbonWindow.cpp">
      <Filter>Generated Files\Release</Filter>
    </ClCompile>
    <ClCompile Include="AboutDialog.cpp">
      <Filter>Source Files</Filter>
    </ClCompile>
    <ClCompile Include="GeneratedFiles\Debug\moc_AboutDialog.cpp">
      <Filter>Generated Files\Debug</Filter>
    </ClCompile>
    <ClCompile Include="GeneratedFiles\Release\moc_AboutDialog.cpp">
      <Filter>Generated Files\Release</Filter>
    </ClCompile>
    <ClCompile Include="MainWindow.cpp">
      <Filter>Source Files</Filter>
    </ClCompile>
    <ClCompile Include="GeneratedFiles\Debug\moc_MainWindow.cpp">
      <Filter>Generated Files\Debug</Filter>
    </ClCompile>
    <ClCompile Include="GeneratedFiles\Release\moc_MainWindow.cpp">
      <Filter>Generated Files\Release</Filter>
    </ClCompile>
    <ClCompile Include="ribbonimages.cpp">
      <Filter>Source Files</Filter>
    </ClCompile>
    <ClCompile Include="moc_DemoMainWindow.cpp">
      <Filter>Generated Files</Filter>
    </ClCompile>
    <ClCompile Include="osgviewerqt.cpp">
      <Filter>Source Files</Filter>
    </ClCompile>
    <ClCompile Include="ModelLayerReader.cpp">
      <Filter>Source Files</Filter>
    </ClCompile>
    <ClCompile Include="TargetDataReader.cpp">
      <Filter>Source Files</Filter>
    </ClCompile>
    <ClCompile Include="AirDataReader.cpp">
      <Filter>Source Files</Filter>
    </ClCompile>
    <ClCompile Include="ViewPointSyn.cpp">
      <Filter>Source Files</Filter>
    </ClCompile>
    <ClCompile Include="GeneratedFiles\Debug\moc_ViewPointSyn.cpp">
      <Filter>Generated Files\Debug</Filter>
    </ClCompile>
    <ClCompile Include="GeneratedFiles\Release\moc_ViewPointSyn.cpp">
      <Filter>Generated Files\Release</Filter>
    </ClCompile>
    <ClCompile Include="MouseMoveFilter.cpp">
      <Filter>Source Files</Filter>
    </ClCompile>
    <ClCompile Include="GeneratedFiles\Debug\moc_MouseMoveFilter.cpp">
      <Filter>Generated Files\Debug</Filter>
    </ClCompile>
    <ClCompile Include="GeneratedFiles\Release\moc_MouseMoveFilter.cpp">
      <Filter>Generated Files\Release</Filter>
    </ClCompile>
    <ClCompile Include="EagleEyeEarthManipulator.cpp">
      <Filter>Source Files</Filter>
    </ClCompile>
    <ClCompile Include="KeyPressEater.cpp">
      <Filter>Source Files</Filter>
    </ClCompile>
    <ClCompile Include="GeneratedFiles\Debug\moc_KeyPressEater.cpp">
      <Filter>Generated Files\Debug</Filter>
    </ClCompile>
    <ClCompile Include="GeneratedFiles\Release\moc_KeyPressEater.cpp">
      <Filter>Generated Files\Release</Filter>
    </ClCompile>
    <ClCompile Include="CompositeViewerWidget.cpp">
      <Filter>Source Files</Filter>
    </ClCompile>
    <ClCompile Include="targetdatadlg.cpp">
      <Filter>Source Files</Filter>
    </ClCompile>
    <ClCompile Include="GeneratedFiles\Debug\moc_targetdatadlg.cpp">
      <Filter>Generated Files\Debug</Filter>
    </ClCompile>
    <ClCompile Include="GeneratedFiles\Release\moc_targetdatadlg.cpp">
      <Filter>Generated Files\Release</Filter>
    </ClCompile>
    <ClCompile Include="CameraPostionDlg.cpp">
      <Filter>Source Files</Filter>
    </ClCompile>
    <ClCompile Include="GeneratedFiles\Debug\moc_CameraPostionDlg.cpp">
      <Filter>Generated Files\Debug</Filter>
    </ClCompile>
    <ClCompile Include="GeneratedFiles\Release\moc_CameraPostionDlg.cpp">
      <Filter>Generated Files\Release</Filter>
    </ClCompile>
    <ClCompile Include="RangeFeatureGenerator.cpp">
      <Filter>Source Files</Filter>
    </ClCompile>
    <ClCompile Include="GeneratedFiles\Debug\moc_RangeFeatureGenerator.cpp">
      <Filter>Generated Files\Debug</Filter>
    </ClCompile>
    <ClCompile Include="GeneratedFiles\Release\moc_RangeFeatureGenerator.cpp">
      <Filter>Generated Files\Release</Filter>
    </ClCompile>
    <ClCompile Include="Temp2radiance.cpp">
      <Filter>Source Files</Filter>
    </ClCompile>
    <ClCompile Include="tempos.cpp">
      <Filter>Source Files</Filter>
    </ClCompile>
    <ClCompile Include="RenderModeDlg.cpp">
      <Filter>Source Files</Filter>
    </ClCompile>
    <ClCompile Include="GeneratedFiles\Debug\moc_RenderModeDlg.cpp">
      <Filter>Generated Files\Debug</Filter>
    </ClCompile>
    <ClCompile Include="GeneratedFiles\Release\moc_RenderModeDlg.cpp">
      <Filter>Generated Files\Release</Filter>
    </ClCompile>
    <ClCompile Include="AirDataDlg.cpp">
      <Filter>Source Files</Filter>
    </ClCompile>
    <ClCompile Include="GeneratedFiles\Debug\moc_AirDataDlg.cpp">
      <Filter>Generated Files\Debug</Filter>
    </ClCompile>
    <ClCompile Include="GeneratedFiles\Release\moc_AirDataDlg.cpp">
      <Filter>Generated Files\Release</Filter>
    </ClCompile>
    <ClCompile Include="SysUtility.cpp">
      <Filter>Source Files</Filter>
    </ClCompile>
    <ClCompile Include="TargetPosition.cpp">
      <Filter>Source Files</Filter>
    </ClCompile>
    <ClCompile Include="GeneratedFiles\Debug\moc_TargetPosition.cpp">
      <Filter>Generated Files\Debug</Filter>
    </ClCompile>
    <ClCompile Include="GeneratedFiles\Release\moc_TargetPosition.cpp">
      <Filter>Generated Files\Release</Filter>
    </ClCompile>
    <ClCompile Include="AirDataParaWidget.cpp">
      <Filter>Source Files</Filter>
    </ClCompile>
    <ClCompile Include="GeneratedFiles\Debug\moc_AirDataParaWidget.cpp">
      <Filter>Generated Files\Debug</Filter>
    </ClCompile>
    <ClCompile Include="GeneratedFiles\Release\moc_AirDataParaWidget.cpp">
      <Filter>Generated Files\Release</Filter>
    </ClCompile>
    <ClCompile Include="SetParaDockWidget.cpp">
      <Filter>Source Files</Filter>
    </ClCompile>
    <ClCompile Include="GeneratedFiles\Debug\moc_SetParaDockWidget.cpp">
      <Filter>Generated Files\Debug</Filter>
    </ClCompile>
    <ClCompile Include="GeneratedFiles\Release\moc_SetParaDockWidget.cpp">
      <Filter>Generated Files\Release</Filter>
    </ClCompile>
    <ClCompile Include="CentralWidget.cpp">
      <Filter>Source Files</Filter>
    </ClCompile>
    <ClCompile Include="GeneratedFiles\Debug\moc_CentralWidget.cpp">
      <Filter>Generated Files\Debug</Filter>
    </ClCompile>
    <ClCompile Include="GeneratedFiles\Release\moc_CentralWidget.cpp">
      <Filter>Generated Files\Release</Filter>
    </ClCompile>
    <ClCompile Include="Targetfile2tecplot.cpp">
      <Filter>Source Files</Filter>
    </ClCompile>
    <ClCompile Include="Target2PltDlg.cpp">
      <Filter>Source Files</Filter>
    </ClCompile>
    <ClCompile Include="GeneratedFiles\Debug\moc_Target2PltDlg.cpp">
      <Filter>Generated Files\Debug</Filter>
    </ClCompile>
    <ClCompile Include="GeneratedFiles\Release\moc_Target2PltDlg.cpp">
      <Filter>Generated Files\Release</Filter>
    </ClCompile>
    <ClCompile Include="Atan2.cpp">
      <Filter>Source Files</Filter>
    </ClCompile>
    <ClCompile Include="Geo_xyz.cpp">
      <Filter>Source Files</Filter>
    </ClCompile>
    <ClCompile Include="viewpoint2target.cpp">
      <Filter>Source Files</Filter>
    </ClCompile>
    <ClCompile Include="line2atmosphere.cpp">
      <Filter>Source Files</Filter>
    </ClCompile>
    <ClCompile Include="ScreenCapture.cpp">
      <Filter>Source Files</Filter>
    </ClCompile>
    <ClCompile Include="OutputDlg.cpp">
      <Filter>Source Files</Filter>
    </ClCompile>
    <ClCompile Include="GeneratedFiles\Debug\moc_OutputDlg.cpp">
      <Filter>Generated Files\Debug</Filter>
    </ClCompile>
    <ClCompile Include="GeneratedFiles\Release\moc_OutputDlg.cpp">
      <Filter>Generated Files\Release</Filter>
    </ClCompile>
    <ClCompile Include="PictureBox.cpp">
      <Filter>Source Files</Filter>
    </ClCompile>
    <ClCompile Include="GeneratedFiles\Debug\moc_PictureBox.cpp">
      <Filter>Generated Files\Debug</Filter>
    </ClCompile>
    <ClCompile Include="GeneratedFiles\Release\moc_PictureBox.cpp">
      <Filter>Generated Files\Release</Filter>
    </ClCompile>
    <ClCompile Include="AnimationLoader.cpp">
      <Filter>Source Files</Filter>
    </ClCompile>
    <ClCompile Include="AnimationController.cpp">
      <Filter>Source Files</Filter>
    </ClCompile>
    <ClCompile Include="PathEarthManipulate.cpp">
      <Filter>Source Files</Filter>
    </ClCompile>
    <ClCompile Include="OEAnimationPath.cpp">
      <Filter>Source Files</Filter>
    </ClCompile>
    <ClCompile Include="AnimationSettingsDlg.cpp">
      <Filter>Source Files</Filter>
    </ClCompile>
    <ClCompile Include="GeneratedFiles\Debug\moc_AnimationSettingsDlg.cpp">
      <Filter>Generated Files\Debug</Filter>
    </ClCompile>
    <ClCompile Include="GeneratedFiles\Release\moc_AnimationSettingsDlg.cpp">
      <Filter>Generated Files\Release</Filter>
    </ClCompile>
    <ClCompile Include="VideoMaker.cpp">
      <Filter>Source Files</Filter>
    </ClCompile>
    <ClCompile Include="TargetPath.cpp">
      <Filter>Source Files</Filter>
    </ClCompile>
    <ClCompile Include="CameraPath.cpp">
      <Filter>Source Files</Filter>
    </ClCompile>
    <ClCompile Include="TargetAnimationPathCallback.cpp">
      <Filter>Source Files</Filter>
    </ClCompile>
    <ClCompile Include="JetHideCallback.cpp">
      <Filter>Source Files</Filter>
    </ClCompile>
    <ClCompile Include="NewProjectDlg.cpp">
      <Filter>Source Files</Filter>
    </ClCompile>
    <ClCompile Include="GeneratedFiles\Debug\moc_NewProjectDlg.cpp">
      <Filter>Generated Files\Debug</Filter>
    </ClCompile>
    <ClCompile Include="GeneratedFiles\Release\moc_NewProjectDlg.cpp">
      <Filter>Generated Files\Release</Filter>
    </ClCompile>
    <ClCompile Include="Document.cpp">
      <Filter>Source Files</Filter>
    </ClCompile>
    <ClCompile Include="TransDataToRadioDlg.cpp">
      <Filter>Source Files</Filter>
    </ClCompile>
    <ClCompile Include="GeneratedFiles\Debug\moc_TransDataToRadioDlg.cpp">
      <Filter>Generated Files\Debug</Filter>
    </ClCompile>
    <ClCompile Include="GeneratedFiles\Release\moc_TransDataToRadioDlg.cpp">
      <Filter>Generated Files\Release</Filter>
    </ClCompile>
    <ClCompile Include="SetStartFrameDlg.cpp">
      <Filter>Source Files</Filter>
    </ClCompile>
    <ClCompile Include="GeneratedFiles\Debug\moc_SetStartFrameDlg.cpp">
      <Filter>Generated Files\Debug</Filter>
    </ClCompile>
    <ClCompile Include="GeneratedFiles\Release\moc_SetStartFrameDlg.cpp">
      <Filter>Generated Files\Release</Filter>
    </ClCompile>
    <ClCompile Include="JetThresholdDlg.cpp">
      <Filter>Source Files</Filter>
    </ClCompile>
    <ClCompile Include="GeneratedFiles\Debug\moc_JetThresholdDlg.cpp">
      <Filter>Generated Files\Debug</Filter>
    </ClCompile>
    <ClCompile Include="GeneratedFiles\Release\moc_JetThresholdDlg.cpp">
      <Filter>Generated Files\Release</Filter>
    </ClCompile>
    <ClCompile Include="ProgressNumberWidget.cpp">
      <Filter>Source Files</Filter>
    </ClCompile>
    <ClCompile Include="GeneratedFiles\Debug\moc_ProgressNumberWidget.cpp">
      <Filter>Generated Files\Debug</Filter>
    </ClCompile>
    <ClCompile Include="GeneratedFiles\Release\moc_ProgressNumberWidget.cpp">
      <Filter>Generated Files\Release</Filter>
    </ClCompile>
    <ClCompile Include="DirectEarthManipulator.cpp">
      <Filter>Source Files</Filter>
    </ClCompile>
    <ClCompile Include="Utility.cpp">
      <Filter>Source Files</Filter>
    </ClCompile>
    <ClCompile Include="DirectManipulatorDlg.cpp">
      <Filter>Source Files</Filter>
    </ClCompile>
    <ClCompile Include="GeneratedFiles\Debug\moc_DirectManipulatorDlg.cpp">
      <Filter>Generated Files\Debug</Filter>
    </ClCompile>
    <ClCompile Include="GeneratedFiles\Release\moc_DirectManipulatorDlg.cpp">
      <Filter>Generated Files\Release</Filter>
    </ClCompile>
    <ClCompile Include="PltTempDlg.cpp">
      <Filter>Source Files</Filter>
    </ClCompile>
    <ClCompile Include="GeneratedFiles\Debug\moc_PltTempDlg.cpp">
      <Filter>Generated Files\Debug</Filter>
    </ClCompile>
    <ClCompile Include="GeneratedFiles\Release\moc_PltTempDlg.cpp">
      <Filter>Generated Files\Release</Filter>
    </ClCompile>
    <ClCompile Include="PltReader.cpp">
      <Filter>Source Files</Filter>
    </ClCompile>
  </ItemGroup>
  <ItemGroup>
    <CustomBuild Include="earthglobal.ui">
      <Filter>Form Files</Filter>
    </CustomBuild>
    <CustomBuild Include="earthglobal.qrc">
      <Filter>Resource Files</Filter>
    </CustomBuild>
    <CustomBuild Include="RibbonWindow.h">
      <Filter>Header Files</Filter>
    </CustomBuild>
    <CustomBuild Include="AboutDialog.h">
      <Filter>Header Files</Filter>
    </CustomBuild>
    <CustomBuild Include="MainWindow.h">
      <Filter>Header Files</Filter>
    </CustomBuild>
    <CustomBuild Include="ViewPointSyn.h">
      <Filter>Header Files</Filter>
    </CustomBuild>
    <CustomBuild Include="MouseMoveFilter.h">
      <Filter>Header Files</Filter>
    </CustomBuild>
    <CustomBuild Include="KeyPressEater.h">
      <Filter>Header Files</Filter>
    </CustomBuild>
    <CustomBuild Include="targetdatadlg.h">
      <Filter>Header Files</Filter>
    </CustomBuild>
    <CustomBuild Include="targetdatadlg.ui">
      <Filter>Form Files</Filter>
    </CustomBuild>
    <CustomBuild Include="CameraPostionDlg.h">
      <Filter>Header Files</Filter>
    </CustomBuild>
    <CustomBuild Include="CameraPostionDlg.ui">
      <Filter>Form Files</Filter>
    </CustomBuild>
    <CustomBuild Include="RangeFeatureGenerator.h">
      <Filter>Header Files</Filter>
    </CustomBuild>
    <CustomBuild Include="RenderModeDlg.h">
      <Filter>Header Files</Filter>
    </CustomBuild>
    <CustomBuild Include="RenderModeDlg.ui">
      <Filter>Form Files</Filter>
    </CustomBuild>
    <CustomBuild Include="AirDataDlg.h">
      <Filter>Header Files</Filter>
    </CustomBuild>
    <CustomBuild Include="AirDataDlg.ui">
      <Filter>Form Files</Filter>
    </CustomBuild>
    <CustomBuild Include="TargetPosition.h">
      <Filter>Header Files</Filter>
    </CustomBuild>
    <CustomBuild Include="TargetPosition.ui">
      <Filter>Form Files</Filter>
    </CustomBuild>
    <CustomBuild Include="AirDataParaWidget.h">
      <Filter>Header Files</Filter>
    </CustomBuild>
    <CustomBuild Include="AirDataParaWidget.ui">
      <Filter>Form Files</Filter>
    </CustomBuild>
    <CustomBuild Include="SetParaDockWidget.h">
      <Filter>Header Files</Filter>
    </CustomBuild>
    <CustomBuild Include="SetParaDockWidget.ui">
      <Filter>Form Files</Filter>
    </CustomBuild>
    <CustomBuild Include="CentralWidget.h">
      <Filter>Header Files</Filter>
    </CustomBuild>
    <CustomBuild Include="Target2PltDlg.h">
      <Filter>Header Files</Filter>
    </CustomBuild>
    <CustomBuild Include="Target2PltDlg.ui">
      <Filter>Form Files</Filter>
    </CustomBuild>
    <CustomBuild Include="OutputDlg.h">
      <Filter>Header Files</Filter>
    </CustomBuild>
    <CustomBuild Include="OutputDlg.ui">
      <Filter>Form Files</Filter>
    </CustomBuild>
    <CustomBuild Include="PictureBox.h">
      <Filter>Header Files</Filter>
    </CustomBuild>
    <CustomBuild Include="PictureBox.ui">
      <Filter>Form Files</Filter>
    </CustomBuild>
    <CustomBuild Include="AnimationSettingsDlg.h">
      <Filter>Header Files</Filter>
    </CustomBuild>
    <CustomBuild Include="AnimationSettingsDlg.ui">
      <Filter>Form Files</Filter>
    </CustomBuild>
    <CustomBuild Include="NewProjectDlg.h">
      <Filter>Header Files</Filter>
    </CustomBuild>
    <CustomBuild Include="NewProjectDlg.ui">
      <Filter>Form Files</Filter>
    </CustomBuild>
    <CustomBuild Include="TransDataToRadioDlg.h">
      <Filter>Header Files</Filter>
    </CustomBuild>
    <CustomBuild Include="TransDataToRadioDlg.ui">
      <Filter>Form Files</Filter>
    </CustomBuild>
    <CustomBuild Include="SetStartFrameDlg.h">
      <Filter>Header Files</Filter>
    </CustomBuild>
    <CustomBuild Include="SetStartFrameDlg.ui">
      <Filter>Form Files</Filter>
    </CustomBuild>
    <CustomBuild Include="JetThresholdDlg.h">
      <Filter>Header Files</Filter>
    </CustomBuild>
    <CustomBuild Include="JetThresholdDlg.ui">
      <Filter>Form Files</Filter>
    </CustomBuild>
    <CustomBuild Include="ProgressNumberWidget.h">
      <Filter>Header Files</Filter>
    </CustomBuild>
    <CustomBuild Include="ProgressNumberWidget.ui">
      <Filter>Form Files</Filter>
    </CustomBuild>
    <CustomBuild Include="DirectManipulatorDlg.h">
      <Filter>Header Files</Filter>
    </CustomBuild>
    <CustomBuild Include="DirectManipulatorDlg.ui">
      <Filter>Form Files</Filter>
    </CustomBuild>
    <CustomBuild Include="PltTempDlg.h">
      <Filter>Header Files</Filter>
    </CustomBuild>
    <CustomBuild Include="PltTempDlg.ui">
      <Filter>Form Files</Filter>
    </CustomBuild>
  </ItemGroup>
  <ItemGroup>
    <ClInclude Include="GeneratedFiles\ui_earthglobal.h">
      <Filter>Generated Files</Filter>
    </ClInclude>
    <ClInclude Include="ribbonimages.h">
      <Filter>Header Files</Filter>
    </ClInclude>
    <ClInclude Include="ModelLayerReader.h">
      <Filter>Header Files</Filter>
    </ClInclude>
    <ClInclude Include="TargetDataReader.h">
      <Filter>Header Files</Filter>
    </ClInclude>
    <ClInclude Include="AirDataReader.h">
      <Filter>Header Files</Filter>
    </ClInclude>
    <ClInclude Include="EagleEyeEarthManipulator.h">
      <Filter>Header Files</Filter>
    </ClInclude>
    <ClInclude Include="CompositeViewerWidget.h">
      <Filter>Header Files</Filter>
    </ClInclude>
    <ClInclude Include="GeneratedFiles\ui_targetdatadlg.h">
      <Filter>Generated Files</Filter>
    </ClInclude>
    <ClInclude Include="resource.h">
      <Filter>Header Files</Filter>
    </ClInclude>
    <ClInclude Include="GeneratedFiles\ui_CameraPostionDlg.h">
      <Filter>Generated Files</Filter>
    </ClInclude>
    <ClInclude Include="Temp2radiance.h">
      <Filter>Header Files</Filter>
    </ClInclude>
    <ClInclude Include="tempos.h">
      <Filter>Header Files</Filter>
    </ClInclude>
    <ClInclude Include="GeneratedFiles\ui_RenderModeDlg.h">
      <Filter>Generated Files</Filter>
    </ClInclude>
    <ClInclude Include="GeneratedFiles\ui_AirDataDlg.h">
      <Filter>Generated Files</Filter>
    </ClInclude>
    <ClInclude Include="SysUtility.h">
      <Filter>Header Files</Filter>
    </ClInclude>
    <ClInclude Include="GeneratedFiles\ui_TargetPosition.h">
      <Filter>Generated Files</Filter>
    </ClInclude>
    <ClInclude Include="GeneratedFiles\ui_AirDataParaWidget.h">
      <Filter>Generated Files</Filter>
    </ClInclude>
    <ClInclude Include="Targetfile2tecplot.h">
      <Filter>Header Files</Filter>
    </ClInclude>
    <ClInclude Include="GeneratedFiles\ui_Target2PltDlg.h">
      <Filter>Generated Files</Filter>
    </ClInclude>
    <ClInclude Include="Atan2.h">
      <Filter>Header Files</Filter>
    </ClInclude>
    <ClInclude Include="Ge0_xyz.h">
      <Filter>Header Files</Filter>
    </ClInclude>
    <ClInclude Include="viewpoint2target.h">
      <Filter>Header Files</Filter>
    </ClInclude>
    <ClInclude Include="line2atmosphere.h">
      <Filter>Header Files</Filter>
    </ClInclude>
    <ClInclude Include="ScreenCapture.h">
      <Filter>Header Files</Filter>
    </ClInclude>
    <ClInclude Include="GeneratedFiles\ui_OutputDlg.h">
      <Filter>Generated Files</Filter>
    </ClInclude>
    <ClInclude Include="GeneratedFiles\ui_PictureBox.h">
      <Filter>Generated Files</Filter>
    </ClInclude>
    <ClInclude Include="AnimationLoader.h">
      <Filter>Header Files</Filter>
    </ClInclude>
    <ClInclude Include="AnimationController.h">
      <Filter>Header Files</Filter>
    </ClInclude>
    <ClInclude Include="PathEarthManipulate.h">
      <Filter>Header Files</Filter>
    </ClInclude>
    <ClInclude Include="OEAnimationPath.h">
      <Filter>Header Files</Filter>
    </ClInclude>
    <ClInclude Include="GeneratedFiles\ui_AnimationSettingsDlg.h">
      <Filter>Generated Files</Filter>
    </ClInclude>
    <ClInclude Include="VideoMaker.h">
      <Filter>Header Files</Filter>
    </ClInclude>
    <ClInclude Include="TargetPath.h">
      <Filter>Header Files</Filter>
    </ClInclude>
    <ClInclude Include="CameraPath.h">
      <Filter>Header Files</Filter>
    </ClInclude>
    <ClInclude Include="TargetAnimationPathCallback.h">
      <Filter>Header Files</Filter>
    </ClInclude>
    <ClInclude Include="JetHideCallback.h">
      <Filter>Header Files</Filter>
    </ClInclude>
    <ClInclude Include="GeneratedFiles\ui_NewProjectDlg.h">
      <Filter>Generated Files</Filter>
    </ClInclude>
    <ClInclude Include="Document.h">
      <Filter>Header Files</Filter>
    </ClInclude>
    <ClInclude Include="GeneratedFiles\ui_TransDataToRadioDlg.h">
      <Filter>Generated Files</Filter>
    </ClInclude>
    <ClInclude Include="GeneratedFiles\ui_SetStartFrameDlg.h">
      <Filter>Generated Files</Filter>
    </ClInclude>
    <ClInclude Include="GeneratedFiles\ui_JetThresholdDlg.h">
      <Filter>Generated Files</Filter>
    </ClInclude>
    <ClInclude Include="GeneratedFiles\ui_ProgressNumberWidget.h">
      <Filter>Generated Files</Filter>
    </ClInclude>
    <ClInclude Include="DirectEarthManipulator.h">
      <Filter>Header Files</Filter>
    </ClInclude>
    <ClInclude Include="Utility.h">
      <Filter>Header Files</Filter>
    </ClInclude>
    <ClInclude Include="GeneratedFiles\ui_DirectManipulatorDlg.h">
      <Filter>Generated Files</Filter>
    </ClInclude>
    <ClInclude Include="GeneratedFiles\ui_PltTempDlg.h">
      <Filter>Generated Files</Filter>
    </ClInclude>
    <ClInclude Include="PltReader.h">
      <Filter>Header Files</Filter>
    </ClInclude>
  </ItemGroup>
  <ItemGroup>
    <None Include="DemoMainWindow" />
    <None Include="AnnotationToolbar" />
  </ItemGroup>
  <ItemGroup>
    <ResourceCompile Include="EarthGlobal.rc" />
  </ItemGroup>
</Project>